
Microsoft Visual Studio Solution File, Format Version 12.00
# Visual Studio Version 16
VisualStudioVersion = 16.0.31005.135
MinimumVisualStudioVersion = 10.0.40219.1
Project("{9A19103F-16F7-4668-BE54-9A1E7A4F7556}") = "WpfApp1", "WpfApp1\WpfApp1.csproj", "{F91E7927-C992-4ED3-92BE-3974D4AB335F}"
EndProject
Project("{9A19103F-16F7-4668-BE54-9A1E7A4F7556}") = "Wpf_control_hotel_rent", "Wpf_control_hotel_rent\Wpf_control_hotel_rent.csproj", "{A8B12A4E-5AC7-413D-8099-F0C1E5A285CC}"
EndProject
Project("{9A19103F-16F7-4668-BE54-9A1E7A4F7556}") = "Color Viewer", "WpfApp2\Color Viewer.csproj", "{350F4F90-4ED6-4C59-82A7-99C03240C057}"
EndProject
Global
	GlobalSection(SolutionConfigurationPlatforms) = preSolution
		Debug|Any CPU = Debug|Any CPU
		Release|Any CPU = Release|Any CPU
	EndGlobalSection
	GlobalSection(ProjectConfigurationPlatforms) = postSolution
		{F91E7927-C992-4ED3-92BE-3974D4AB335F}.Debug|Any CPU.ActiveCfg = Debug|Any CPU
		{F91E7927-C992-4ED3-92BE-3974D4AB335F}.Debug|Any CPU.Build.0 = Debug|Any CPU
		{F91E7927-C992-4ED3-92BE-3974D4AB335F}.Release|Any CPU.ActiveCfg = Release|Any CPU
		{F91E7927-C992-4ED3-92BE-3974D4AB335F}.Release|Any CPU.Build.0 = Release|Any CPU
		{A8B12A4E-5AC7-413D-8099-F0C1E5A285CC}.Debug|Any CPU.ActiveCfg = Debug|Any CPU
		{A8B12A4E-5AC7-413D-8099-F0C1E5A285CC}.Debug|Any CPU.Build.0 = Debug|Any CPU
		{A8B12A4E-5AC7-413D-8099-F0C1E5A285CC}.Release|Any CPU.ActiveCfg = Release|Any CPU
		{A8B12A4E-5AC7-413D-8099-F0C1E5A285CC}.Release|Any CPU.Build.0 = Release|Any CPU
		{350F4F90-4ED6-4C59-82A7-99C03240C057}.Debug|Any CPU.ActiveCfg = Debug|Any CPU
		{350F4F90-4ED6-4C59-82A7-99C03240C057}.Debug|Any CPU.Build.0 = Debug|Any CPU
		{350F4F90-4ED6-4C59-82A7-99C03240C057}.Release|Any CPU.ActiveCfg = Release|Any CPU
		{350F4F90-4ED6-4C59-82A7-99C03240C057}.Release|Any CPU.Build.0 = Release|Any CPU
	EndGlobalSection
	GlobalSection(SolutionProperties) = preSolution
		HideSolutionNode = FALSE
	EndGlobalSection
	GlobalSection(ExtensibilityGlobals) = postSolution
		SolutionGuid = {FB5893CB-4400-473B-9487-22E39637ACAD}
	EndGlobalSection
EndGlobal
